
Microsoft Visual Studio Solution File, Format Version 12.00
# Visual Studio Version 17
VisualStudioVersion = 17.0.31903.59
MinimumVisualStudioVersion = 10.0.40219.1
Project("{FAE04EC0-301F-11D3-BF4B-00C04F79EFBC}") = "Sondarr.Auth.Shared", "Sondarr.Auth.Shared\Sondarr.Auth.Shared.csproj", "{8D50CC6F-22A4-4B2F-ADD9-A13ABD5E88A8}"
EndProject
Project("{FAE04EC0-301F-11D3-BF4B-00C04F79EFBC}") = "Sondarr.Auth.Api", "Sondarr.Auth.Api\Sondarr.Auth.Api.csproj", "{379892B4-D4AD-448F-BCA5-5D82B06EA6DE}"
EndProject
Global
	GlobalSection(SolutionConfigurationPlatforms) = preSolution
		Debug|Any CPU = Debug|Any CPU
		Debug|x64 = Debug|x64
		Debug|x86 = Debug|x86
		Release|Any CPU = Release|Any CPU
		Release|x64 = Release|x64
		Release|x86 = Release|x86
	EndGlobalSection
	GlobalSection(ProjectConfigurationPlatforms) = postSolution
		{8D50CC6F-22A4-4B2F-ADD9-A13ABD5E88A8}.Debug|Any CPU.ActiveCfg = Debug|Any CPU
		{8D50CC6F-22A4-4B2F-ADD9-A13ABD5E88A8}.Debug|Any CPU.Build.0 = Debug|Any CPU
		{8D50CC6F-22A4-4B2F-ADD9-A13ABD5E88A8}.Debug|x64.ActiveCfg = Debug|Any CPU
		{8D50CC6F-22A4-4B2F-ADD9-A13ABD5E88A8}.Debug|x64.Build.0 = Debug|Any CPU
		{8D50CC6F-22A4-4B2F-ADD9-A13ABD5E88A8}.Debug|x86.ActiveCfg = Debug|Any CPU
		{8D50CC6F-22A4-4B2F-ADD9-A13ABD5E88A8}.Debug|x86.Build.0 = Debug|Any CPU
		{8D50CC6F-22A4-4B2F-ADD9-A13ABD5E88A8}.Release|Any CPU.ActiveCfg = Release|Any CPU
		{8D50CC6F-22A4-4B2F-ADD9-A13ABD5E88A8}.Release|Any CPU.Build.0 = Release|Any CPU
		{8D50CC6F-22A4-4B2F-ADD9-A13ABD5E88A8}.Release|x64.ActiveCfg = Release|Any CPU
		{8D50CC6F-22A4-4B2F-ADD9-A13ABD5E88A8}.Release|x64.Build.0 = Release|Any CPU
		{8D50CC6F-22A4-4B2F-ADD9-A13ABD5E88A8}.Release|x86.ActiveCfg = Release|Any CPU
		{8D50CC6F-22A4-4B2F-ADD9-A13ABD5E88A8}.Release|x86.Build.0 = Release|Any CPU
		{379892B4-D4AD-448F-BCA5-5D82B06EA6DE}.Debug|Any CPU.ActiveCfg = Debug|Any CPU
		{379892B4-D4AD-448F-BCA5-5D82B06EA6DE}.Debug|Any CPU.Build.0 = Debug|Any CPU
		{379892B4-D4AD-448F-BCA5-5D82B06EA6DE}.Debug|x64.ActiveCfg = Debug|Any CPU
		{379892B4-D4AD-448F-BCA5-5D82B06EA6DE}.Debug|x64.Build.0 = Debug|Any CPU
		{379892B4-D4AD-448F-BCA5-5D82B06EA6DE}.Debug|x86.ActiveCfg = Debug|Any CPU
		{379892B4-D4AD-448F-BCA5-5D82B06EA6DE}.Debug|x86.Build.0 = Debug|Any CPU
		{379892B4-D4AD-448F-BCA5-5D82B06EA6DE}.Release|Any CPU.ActiveCfg = Release|Any CPU
		{379892B4-D4AD-448F-BCA5-5D82B06EA6DE}.Release|Any CPU.Build.0 = Release|Any CPU
		{379892B4-D4AD-448F-BCA5-5D82B06EA6DE}.Release|x64.ActiveCfg = Release|Any CPU
		{379892B4-D4AD-448F-BCA5-5D82B06EA6DE}.Release|x64.Build.0 = Release|Any CPU
		{379892B4-D4AD-448F-BCA5-5D82B06EA6DE}.Release|x86.ActiveCfg = Release|Any CPU
		{379892B4-D4AD-448F-BCA5-5D82B06EA6DE}.Release|x86.Build.0 = Release|Any CPU
	EndGlobalSection
	GlobalSection(SolutionProperties) = preSolution
		HideSolutionNode = FALSE
	EndGlobalSection
EndGlobal
